
Microsoft Visual Studio Solution File, Format Version 12.00
# Visual Studio 14
VisualStudioVersion = 14.0.25420.1
MinimumVisualStudioVersion = 10.0.40219.1
Project("{FAE04EC0-301F-11D3-BF4B-00C04F79EFBC}") = "angular2JasmineExample", "angular2JasmineExample\angular2JasmineExample.csproj", "{7BC39683-79E8-4D39-9B34-D3E67090E85B}"
EndProject
Project("{2150E333-8FDC-42A3-9474-1A3956D46DE8}") = "docs", "docs", "{2FAE59FA-2CE5-4397-8B01-6C1A0B010153}"
	ProjectSection(SolutionItems) = preProject
		docs\Testing Types.md = docs\Testing Types.md
	EndProjectSection
EndProject
Global
	GlobalSection(SolutionConfigurationPlatforms) = preSolution
		Debug|Any CPU = Debug|Any CPU
		Release|Any CPU = Release|Any CPU
	EndGlobalSection
	GlobalSection(ProjectConfigurationPlatforms) = postSolution
		{7BC39683-79E8-4D39-9B34-D3E67090E85B}.Debug|Any CPU.ActiveCfg = Debug|Any CPU
		{7BC39683-79E8-4D39-9B34-D3E67090E85B}.Debug|Any CPU.Build.0 = Debug|Any CPU
		{7BC39683-79E8-4D39-9B34-D3E67090E85B}.Release|Any CPU.ActiveCfg = Release|Any CPU
		{7BC39683-79E8-4D39-9B34-D3E67090E85B}.Release|Any CPU.Build.0 = Release|Any CPU
	EndGlobalSection
	GlobalSection(SolutionProperties) = preSolution
		HideSolutionNode = FALSE
	EndGlobalSection
EndGlobal
